
Microsoft Visual Studio Solution File, Format Version 12.00
# Visual Studio Version 17
VisualStudioVersion = 17.1.32228.430
MinimumVisualStudioVersion = 10.0.40219.1
Project("{FAE04EC0-301F-11D3-BF4B-00C04F79EFBC}") = "Task_27_Array_Move", "Task_27_Array_Move.csproj", "{241CBB4D-854E-4AA5-8E35-50A84423DC84}"
EndProject
Global
	GlobalSection(SolutionConfigurationPlatforms) = preSolution
		Debug|Any CPU = Debug|Any CPU
		Release|Any CPU = Release|Any CPU
	EndGlobalSection
	GlobalSection(ProjectConfigurationPlatforms) = postSolution
		{241CBB4D-854E-4AA5-8E35-50A84423DC84}.Debug|Any CPU.ActiveCfg = Debug|Any CPU
		{241CBB4D-854E-4AA5-8E35-50A84423DC84}.Debug|Any CPU.Build.0 = Debug|Any CPU
		{241CBB4D-854E-4AA5-8E35-50A84423DC84}.Release|Any CPU.ActiveCfg = Release|Any CPU
		{241CBB4D-854E-4AA5-8E35-50A84423DC84}.Release|Any CPU.Build.0 = Release|Any CPU
	EndGlobalSection
	GlobalSection(SolutionProperties) = preSolution
		HideSolutionNode = FALSE
	EndGlobalSection
	GlobalSection(ExtensibilityGlobals) = postSolution
		SolutionGuid = {5C539141-67C2-4CCC-9E7F-CECAF743C03F}
	EndGlobalSection
EndGlobal
